{
  "name": "dbModelSync",
  "version": "2.0.0",
  "lockfileVersion": 2,
  "requires": true,
  "packages": {
    "": {
      "name": "dbModelSync",
      "version": "2.0.0",
      "license": "Apache-2.0",
      "dependencies": {
        "rmt-models": "file:../../rmtApi/src/dummy.js"
      }
    },
    "../../rmtApi/src/dummy.js": {},
    "node_modules/rmt-models": {
      "resolved": "../../rmtApi/src/dummy.js",
      "link": true
    }
  },
  "dependencies": {
    "rmt-models": {
      "version": "file:../../rmtApi/src/dummy.js"
    }
  }
}
